
Microsoft Visual Studio Solution File, Format Version 12.00
# Visual Studio Version 16
VisualStudioVersion = 16.0.29102.190
MinimumVisualStudioVersion = 10.0.40219.1
Project("{9A19103F-16F7-4668-BE54-9A1E7A4F7556}") = "Jasily.ViewModel", "Jasily.ViewModel\Jasily.ViewModel.csproj", "{D897F42C-97FE-4DAA-8F2A-26D643444E6E}"
EndProject
Project("{FAE04EC0-301F-11D3-BF4B-00C04F79EFBC}") = "Jasily.ViewModel.Tests", "Jasily.ViewModel.Tests\Jasily.ViewModel.Tests.csproj", "{3AEB65F1-5382-462E-8D53-940A5F922F25}"
EndProject
Global
	GlobalSection(SolutionConfigurationPlatforms) = preSolution
		Debug|Any CPU = Debug|Any CPU
		Release|Any CPU = Release|Any CPU
	EndGlobalSection
	GlobalSection(ProjectConfigurationPlatforms) = postSolution
		{D897F42C-97FE-4DAA-8F2A-26D643444E6E}.Debug|Any CPU.ActiveCfg = Debug|Any CPU
		{D897F42C-97FE-4DAA-8F2A-26D643444E6E}.Debug|Any CPU.Build.0 = Debug|Any CPU
		{D897F42C-97FE-4DAA-8F2A-26D643444E6E}.Release|Any CPU.ActiveCfg = Release|Any CPU
		{D897F42C-97FE-4DAA-8F2A-26D643444E6E}.Release|Any CPU.Build.0 = Release|Any CPU
		{3AEB65F1-5382-462E-8D53-940A5F922F25}.Debug|Any CPU.ActiveCfg = Debug|Any CPU
		{3AEB65F1-5382-462E-8D53-940A5F922F25}.Debug|Any CPU.Build.0 = Debug|Any CPU
		{3AEB65F1-5382-462E-8D53-940A5F922F25}.Release|Any CPU.ActiveCfg = Release|Any CPU
		{3AEB65F1-5382-462E-8D53-940A5F922F25}.Release|Any CPU.Build.0 = Release|Any CPU
	EndGlobalSection
	GlobalSection(SolutionProperties) = preSolution
		HideSolutionNode = FALSE
	EndGlobalSection
	GlobalSection(ExtensibilityGlobals) = postSolution
		SolutionGuid = {87C74F26-4D5A-47D8-A701-1D61EC014A93}
	EndGlobalSection
EndGlobal
